
Microsoft Visual Studio Solution File, Format Version 12.00
# Visual Studio Version 17
VisualStudioVersion = 17.2.32630.192
MinimumVisualStudioVersion = 10.0.40219.1
Project("{FAE04EC0-301F-11D3-BF4B-00C04F79EFBC}") = "Testing Stuff", "Testing Stuff.csproj", "{E36F766E-F64F-48E5-8EE0-BA9ACA5B44B3}"
EndProject
Global
	GlobalSection(SolutionConfigurationPlatforms) = preSolution
		Debug|Any CPU = Debug|Any CPU
		Release|Any CPU = Release|Any CPU
	EndGlobalSection
	GlobalSection(ProjectConfigurationPlatforms) = postSolution
		{E36F766E-F64F-48E5-8EE0-BA9ACA5B44B3}.Debug|Any CPU.ActiveCfg = Debug|Any CPU
		{E36F766E-F64F-48E5-8EE0-BA9ACA5B44B3}.Debug|Any CPU.Build.0 = Debug|Any CPU
		{E36F766E-F64F-48E5-8EE0-BA9ACA5B44B3}.Release|Any CPU.ActiveCfg = Release|Any CPU
		{E36F766E-F64F-48E5-8EE0-BA9ACA5B44B3}.Release|Any CPU.Build.0 = Release|Any CPU
	EndGlobalSection
	GlobalSection(SolutionProperties) = preSolution
		HideSolutionNode = FALSE
	EndGlobalSection
	GlobalSection(ExtensibilityGlobals) = postSolution
		SolutionGuid = {7CC12BEB-3F12-43DF-8AAE-7E09F17CC63E}
	EndGlobalSection
EndGlobal
